// !$*UTF8*$!
{
	archiveVersion = 1;
	classes = {
	};
	objectVersion = 77;
	objects = {

/* Begin PBXBuildFile section */
		002C91EB2D67DB6AA6138575 /* CompanionSitesView.swift in Sources */ = {isa = PBXBuildFile; fileRef = 66E60D715B06FB853C1167A3 /* CompanionSitesView.swift */; };
		0DD79B786CECFC3CED53F647 /* CompanionSitesView.swift in Sources */ = {isa = PBXBuildFile; fileRef = 66E60D715B06FB853C1167A3 /* CompanionSitesView.swift */; };
		1E0FFEA1A9F6770D922F45E5 /* SourcesView.swift in Sources */ = {isa = PBXBuildFile; fileRef = 2C80AEB5AE5E0DD143D79695 /* SourcesView.swift */; };
		20F11A72D9D3BEFB2A1DCA25 /* FounderDashboardCompanionRootView.swift in Sources */ = {isa = PBXBuildFile; fileRef = CA04E241679B828CCAE8A0D7 /* FounderDashboardCompanionRootView.swift */; };
		25C3B8A17D13D737D4E6D417 /* SectionCard.swift in Sources */ = {isa = PBXBuildFile; fileRef = 20E7887449FFC147A57824B4 /* SectionCard.swift */; };
		278A69CAAC0FE32256B9DD58 /* AppModel.swift in Sources */ = {isa = PBXBuildFile; fileRef = 28CFD5C6054A871EE3623422 /* AppModel.swift */; };
		4E5766CD2350D8A21AAF3CD5 /* ImportedReportAnalyzer.swift in Sources */ = {isa = PBXBuildFile; fileRef = 129E411011210D7C40685C33 /* ImportedReportAnalyzer.swift */; };
		4EA605F64E1D2AF6E37B5C79 /* DeckedBuilderView.swift in Sources */ = {isa = PBXBuildFile; fileRef = 7D9478828EEBBFB1F5357A7A /* DeckedBuilderView.swift */; };
		6A48A0E81EA29CD5C7961C0D /* ImportedReportStore.swift in Sources */ = {isa = PBXBuildFile; fileRef = 9ADA9B378B9256F1A7B04DFA /* ImportedReportStore.swift */; };
		6BE71F8C3CAAAE51989004CD /* DataStatusCard.swift in Sources */ = {isa = PBXBuildFile; fileRef = F5231583E943F9099781D411 /* DataStatusCard.swift */; };
		6FA8D79D48B89A39C19864C5 /* CompanionDashboardView.swift in Sources */ = {isa = PBXBuildFile; fileRef = 4D8B8F2BD5403E7BDD00F2BC /* CompanionDashboardView.swift */; };
		75348C3CCDF7895230B18575 /* PlanningSnapshotLoader.swift in Sources */ = {isa = PBXBuildFile; fileRef = 3E274246EDF890D5A1E6D704 /* PlanningSnapshotLoader.swift */; };
		86F29E9A50806D590B042293 /* DocumentOpening.swift in Sources */ = {isa = PBXBuildFile; fileRef = BF957E6D010012E81A98C984 /* DocumentOpening.swift */; };
		88EFC40D357141F5811B369E /* ImportFocus.swift in Sources */ = {isa = PBXBuildFile; fileRef = B464898F314AB8666F526CC9 /* ImportFocus.swift */; };
		98344310FECAD8C0936D6B7A /* FounderDashboardApp.swift in Sources */ = {isa = PBXBuildFile; fileRef = 17922574AE2584BF5691FA67 /* FounderDashboardApp.swift */; };
		99F5DA961E8CA95236FABCB4 /* SectionCard.swift in Sources */ = {isa = PBXBuildFile; fileRef = 20E7887449FFC147A57824B4 /* SectionCard.swift */; };
		9A730808D9C1752C84324D2B /* PlanningSnapshotLoader.swift in Sources */ = {isa = PBXBuildFile; fileRef = 3E274246EDF890D5A1E6D704 /* PlanningSnapshotLoader.swift */; };
		A0F790C497FB0E5DEEC33365 /* CompanionDashboardView.swift in Sources */ = {isa = PBXBuildFile; fileRef = 4D8B8F2BD5403E7BDD00F2BC /* CompanionDashboardView.swift */; };
		A2C1A8A5D130A8D4ACCA67A9 /* LGSFundingView.swift in Sources */ = {isa = PBXBuildFile; fileRef = 472DCE5FA25E79F024B770D6 /* LGSFundingView.swift */; };
		A441EE865F4E18B2D8706DEC /* CompanionModel.swift in Sources */ = {isa = PBXBuildFile; fileRef = 34FC54FF4D4010D433D13FC7 /* CompanionModel.swift */; };
		A6BC25775AA67797EFD345DE /* FounderDashboardCompanionRootView.swift in Sources */ = {isa = PBXBuildFile; fileRef = CA04E241679B828CCAE8A0D7 /* FounderDashboardCompanionRootView.swift */; };
		A7B3CD7284EC94E405DF475F /* FounderDashboardRootView.swift in Sources */ = {isa = PBXBuildFile; fileRef = 6C42A2ECEF00DEC2AB180599 /* FounderDashboardRootView.swift */; };
		A890F9A10595D1789BD8AF97 /* planning_snapshot.json in Resources */ = {isa = PBXBuildFile; fileRef = B4B38FF0B6115FE3A2B9B57C /* planning_snapshot.json */; };
		AA5C9AF3E2F08372410BAFDC /* CompanionChecklistView.swift in Sources */ = {isa = PBXBuildFile; fileRef = F59946DBB0F7F7AF6A5189F9 /* CompanionChecklistView.swift */; };
		AA9CB1309F3708D2C46BD82F /* CompanionChecklistView.swift in Sources */ = {isa = PBXBuildFile; fileRef = F59946DBB0F7F7AF6A5189F9 /* CompanionChecklistView.swift */; };
		B12A4D884B70DD4880E656D5 /* FounderDashboardCompanionApp.swift in Sources */ = {isa = PBXBuildFile; fileRef = CC6820C6F88F6A3E6BDF3BCF /* FounderDashboardCompanionApp.swift */; };
		B2D21F1CEF60953B204484D6 /* MetricCard.swift in Sources */ = {isa = PBXBuildFile; fileRef = D8BB82727A477231A9CF0CFD /* MetricCard.swift */; };
		B7CA5CCDB0EC40FD163C2E2C /* Assets.xcassets in Resources */ = {isa = PBXBuildFile; fileRef = 0663B2479CF10A766E698BDE /* Assets.xcassets */; };
		BA036F1D843A22BAD8A4D708 /* Assets.xcassets in Resources */ = {isa = PBXBuildFile; fileRef = 0663B2479CF10A766E698BDE /* Assets.xcassets */; };
		BAA658FA0DC873112F786568 /* PlanningModels.swift in Sources */ = {isa = PBXBuildFile; fileRef = 199364DD38886ACC660AE530 /* PlanningModels.swift */; };
		BD5A3B38BA5BDA91DA3DB0B1 /* ImportsView.swift in Sources */ = {isa = PBXBuildFile; fileRef = B0C6B257DC20F88FA94211CD /* ImportsView.swift */; };
		C24B2CFCA1A8C7FEA90E08DC /* DashboardOverviewView.swift in Sources */ = {isa = PBXBuildFile; fileRef = ADF2F67838247EA209097BF4 /* DashboardOverviewView.swift */; };
		C29E43AB039BFFA90B6751A6 /* FounderDashboardCompanionApp.swift in Sources */ = {isa = PBXBuildFile; fileRef = CC6820C6F88F6A3E6BDF3BCF /* FounderDashboardCompanionApp.swift */; };
		C30CDF0091913BEEDC31836E /* ImportFocus.swift in Sources */ = {isa = PBXBuildFile; fileRef = B464898F314AB8666F526CC9 /* ImportFocus.swift */; };
		C41D96B43102282A69EA883E /* ImportedReportStorage.swift in Sources */ = {isa = PBXBuildFile; fileRef = DB319B31A00A6356466B166D /* ImportedReportStorage.swift */; };
		CF2402DEB96D6373955DF4D3 /* DocumentsView.swift in Sources */ = {isa = PBXBuildFile; fileRef = 9D23D13EB8724799F8483F20 /* DocumentsView.swift */; };
		D8E3B15CA7B8D0CD15ECC2FD /* CompanionModel.swift in Sources */ = {isa = PBXBuildFile; fileRef = 34FC54FF4D4010D433D13FC7 /* CompanionModel.swift */; };
		E77A3FCCCF988C440742F001 /* MetricCard.swift in Sources */ = {isa = PBXBuildFile; fileRef = D8BB82727A477231A9CF0CFD /* MetricCard.swift */; };
		ED2DADDCC01496AFBE6428CB /* planning_snapshot.json in Resources */ = {isa = PBXBuildFile; fileRef = B4B38FF0B6115FE3A2B9B57C /* planning_snapshot.json */; };
		F4BF124281C7C0C78C0C4EE1 /* PlanningModels.swift in Sources */ = {isa = PBXBuildFile; fileRef = 199364DD38886ACC660AE530 /* PlanningModels.swift */; };
		FC365E918EB099E8AFE094A1 /* ImportedReportStorage.swift in Sources */ = {isa = PBXBuildFile; fileRef = DB319B31A00A6356466B166D /* ImportedReportStorage.swift */; };
/* End PBXBuildFile section */

/* Begin PBXFileReference section */
		0663B2479CF10A766E698BDE /* Assets.xcassets */ = {isa = PBXFileReference; lastKnownFileType = folder.assetcatalog; path = Assets.xcassets; sourceTree = "<group>"; };
		129E411011210D7C40685C33 /* ImportedReportAnalyzer.swift */ = {isa = PBXFileReference; lastKnownFileType = sourcecode.swift; path = ImportedReportAnalyzer.swift; sourceTree = "<group>"; };
		17922574AE2584BF5691FA67 /* FounderDashboardApp.swift */ = {isa = PBXFileReference; lastKnownFileType = sourcecode.swift; path = FounderDashboardApp.swift; sourceTree = "<group>"; };
		17B9C59E5F877DC7C79B624F /* README.md */ = {isa = PBXFileReference; lastKnownFileType = net.daringfireball.markdown; path = README.md; sourceTree = "<group>"; };
		199364DD38886ACC660AE530 /* PlanningModels.swift */ = {isa = PBXFileReference; lastKnownFileType = sourcecode.swift; path = PlanningModels.swift; sourceTree = "<group>"; };
		20E7887449FFC147A57824B4 /* SectionCard.swift */ = {isa = PBXFileReference; lastKnownFileType = sourcecode.swift; path = SectionCard.swift; sourceTree = "<group>"; };
		28CFD5C6054A871EE3623422 /* AppModel.swift */ = {isa = PBXFileReference; lastKnownFileType = sourcecode.swift; path = AppModel.swift; sourceTree = "<group>"; };
		2C80AEB5AE5E0DD143D79695 /* SourcesView.swift */ = {isa = PBXFileReference; lastKnownFileType = sourcecode.swift; path = SourcesView.swift; sourceTree = "<group>"; };
		34FC54FF4D4010D433D13FC7 /* CompanionModel.swift */ = {isa = PBXFileReference; lastKnownFileType = sourcecode.swift; path = CompanionModel.swift; sourceTree = "<group>"; };
		37E7A876802CF21579BC5565 /* FounderDashboard Companion.app */ = {isa = PBXFileReference; explicitFileType = wrapper.application; includeInIndex = 0; path = "FounderDashboard Companion.app"; sourceTree = BUILT_PRODUCTS_DIR; };
		3E274246EDF890D5A1E6D704 /* PlanningSnapshotLoader.swift */ = {isa = PBXFileReference; lastKnownFileType = sourcecode.swift; path = PlanningSnapshotLoader.swift; sourceTree = "<group>"; };
		472DCE5FA25E79F024B770D6 /* LGSFundingView.swift */ = {isa = PBXFileReference; lastKnownFileType = sourcecode.swift; path = LGSFundingView.swift; sourceTree = "<group>"; };
		4D8B8F2BD5403E7BDD00F2BC /* CompanionDashboardView.swift */ = {isa = PBXFileReference; lastKnownFileType = sourcecode.swift; path = CompanionDashboardView.swift; sourceTree = "<group>"; };
		66E60D715B06FB853C1167A3 /* CompanionSitesView.swift */ = {isa = PBXFileReference; lastKnownFileType = sourcecode.swift; path = CompanionSitesView.swift; sourceTree = "<group>"; };
		6C42A2ECEF00DEC2AB180599 /* FounderDashboardRootView.swift */ = {isa = PBXFileReference; lastKnownFileType = sourcecode.swift; path = FounderDashboardRootView.swift; sourceTree = "<group>"; };
		6DC8736A2A8E52A7C69713D6 /* FounderDashboard.app */ = {isa = PBXFileReference; explicitFileType = wrapper.application; includeInIndex = 0; path = FounderDashboard.app; sourceTree = BUILT_PRODUCTS_DIR; };
		7D9478828EEBBFB1F5357A7A /* DeckedBuilderView.swift */ = {isa = PBXFileReference; lastKnownFileType = sourcecode.swift; path = DeckedBuilderView.swift; sourceTree = "<group>"; };
		9ADA9B378B9256F1A7B04DFA /* ImportedReportStore.swift */ = {isa = PBXFileReference; lastKnownFileType = sourcecode.swift; path = ImportedReportStore.swift; sourceTree = "<group>"; };
		9D23D13EB8724799F8483F20 /* DocumentsView.swift */ = {isa = PBXFileReference; lastKnownFileType = sourcecode.swift; path = DocumentsView.swift; sourceTree = "<group>"; };
		ADF2F67838247EA209097BF4 /* DashboardOverviewView.swift */ = {isa = PBXFileReference; lastKnownFileType = sourcecode.swift; path = DashboardOverviewView.swift; sourceTree = "<group>"; };
		B0C6B257DC20F88FA94211CD /* ImportsView.swift */ = {isa = PBXFileReference; lastKnownFileType = sourcecode.swift; path = ImportsView.swift; sourceTree = "<group>"; };
		B464898F314AB8666F526CC9 /* ImportFocus.swift */ = {isa = PBXFileReference; lastKnownFileType = sourcecode.swift; path = ImportFocus.swift; sourceTree = "<group>"; };
		B4B38FF0B6115FE3A2B9B57C /* planning_snapshot.json */ = {isa = PBXFileReference; lastKnownFileType = text.json; path = planning_snapshot.json; sourceTree = "<group>"; };
		BF957E6D010012E81A98C984 /* DocumentOpening.swift */ = {isa = PBXFileReference; lastKnownFileType = sourcecode.swift; path = DocumentOpening.swift; sourceTree = "<group>"; };
		CA04E241679B828CCAE8A0D7 /* FounderDashboardCompanionRootView.swift */ = {isa = PBXFileReference; lastKnownFileType = sourcecode.swift; path = FounderDashboardCompanionRootView.swift; sourceTree = "<group>"; };
		CC6820C6F88F6A3E6BDF3BCF /* FounderDashboardCompanionApp.swift */ = {isa = PBXFileReference; lastKnownFileType = sourcecode.swift; path = FounderDashboardCompanionApp.swift; sourceTree = "<group>"; };
		CD4EB6B65DA6103A734CE558 /* sources_acknowledgements.md */ = {isa = PBXFileReference; lastKnownFileType = net.daringfireball.markdown; path = sources_acknowledgements.md; sourceTree = "<group>"; };
		D8BB82727A477231A9CF0CFD /* MetricCard.swift */ = {isa = PBXFileReference; lastKnownFileType = sourcecode.swift; path = MetricCard.swift; sourceTree = "<group>"; };
		DB319B31A00A6356466B166D /* ImportedReportStorage.swift */ = {isa = PBXFileReference; lastKnownFileType = sourcecode.swift; path = ImportedReportStorage.swift; sourceTree = "<group>"; };
		F5231583E943F9099781D411 /* DataStatusCard.swift */ = {isa = PBXFileReference; lastKnownFileType = sourcecode.swift; path = DataStatusCard.swift; sourceTree = "<group>"; };
		F59946DBB0F7F7AF6A5189F9 /* CompanionChecklistView.swift */ = {isa = PBXFileReference; lastKnownFileType = sourcecode.swift; path = CompanionChecklistView.swift; sourceTree = "<group>"; };
/* End PBXFileReference section */

/* Begin PBXGroup section */
		112ED9F966DA338602D15071 /* SeedData */ = {
			isa = PBXGroup;
			children = (
				B4B38FF0B6115FE3A2B9B57C /* planning_snapshot.json */,
			);
			path = SeedData;
			sourceTree = "<group>";
		};
		1BAAFA69430106AA25696FEE /* Products */ = {
			isa = PBXGroup;
			children = (
				6DC8736A2A8E52A7C69713D6 /* FounderDashboard.app */,
				37E7A876802CF21579BC5565 /* FounderDashboard Companion.app */,
			);
			name = Products;
			sourceTree = "<group>";
		};
		1C8146CFF3BC24EAC932AF58 /* Funding */ = {
			isa = PBXGroup;
			children = (
				472DCE5FA25E79F024B770D6 /* LGSFundingView.swift */,
			);
			path = Funding;
			sourceTree = "<group>";
		};
		2D0BCD5DBD73595705790F2C /* Companion */ = {
			isa = PBXGroup;
			children = (
				F59946DBB0F7F7AF6A5189F9 /* CompanionChecklistView.swift */,
				4D8B8F2BD5403E7BDD00F2BC /* CompanionDashboardView.swift */,
				66E60D715B06FB853C1167A3 /* CompanionSitesView.swift */,
			);
			path = Companion;
			sourceTree = "<group>";
		};
		4BD1A6552745CFF72F475AB5 /* Resources */ = {
			isa = PBXGroup;
			children = (
				0663B2479CF10A766E698BDE /* Assets.xcassets */,
				112ED9F966DA338602D15071 /* SeedData */,
			);
			path = Resources;
			sourceTree = "<group>";
		};
		58642407EC7E227E36951168 /* Sources */ = {
			isa = PBXGroup;
			children = (
				CDC45742C611E761171A8295 /* App */,
				F8A52847EACAFF55D7CD67E7 /* Models */,
				DE1516B296AB4B9DD0E253E0 /* Services */,
				AC76DD509300B55B324D2DEF /* Views */,
			);
			path = Sources;
			sourceTree = "<group>";
		};
		705A75626B33440EE6B958C5 /* Components */ = {
			isa = PBXGroup;
			children = (
				F5231583E943F9099781D411 /* DataStatusCard.swift */,
				D8BB82727A477231A9CF0CFD /* MetricCard.swift */,
				20E7887449FFC147A57824B4 /* SectionCard.swift */,
			);
			path = Components;
			sourceTree = "<group>";
		};
		87641C6445ACA71E7B21F6A4 = {
			isa = PBXGroup;
			children = (
				17B9C59E5F877DC7C79B624F /* README.md */,
				CD4EB6B65DA6103A734CE558 /* sources_acknowledgements.md */,
				4BD1A6552745CFF72F475AB5 /* Resources */,
				58642407EC7E227E36951168 /* Sources */,
				1BAAFA69430106AA25696FEE /* Products */,
			);
			sourceTree = "<group>";
		};
		AB0F8B31344DF82737D41A3E /* Documents */ = {
			isa = PBXGroup;
			children = (
				9D23D13EB8724799F8483F20 /* DocumentsView.swift */,
				B0C6B257DC20F88FA94211CD /* ImportsView.swift */,
				2C80AEB5AE5E0DD143D79695 /* SourcesView.swift */,
			);
			path = Documents;
			sourceTree = "<group>";
		};
		AC76DD509300B55B324D2DEF /* Views */ = {
			isa = PBXGroup;
			children = (
				2D0BCD5DBD73595705790F2C /* Companion */,
				705A75626B33440EE6B958C5 /* Components */,
				FEF57F2DC8DDE7F1D97E8B11 /* Dashboard */,
				C10FC560516E1E3A56726D9C /* Decked */,
				AB0F8B31344DF82737D41A3E /* Documents */,
				1C8146CFF3BC24EAC932AF58 /* Funding */,
			);
			path = Views;
			sourceTree = "<group>";
		};
		C10FC560516E1E3A56726D9C /* Decked */ = {
			isa = PBXGroup;
			children = (
				7D9478828EEBBFB1F5357A7A /* DeckedBuilderView.swift */,
			);
			path = Decked;
			sourceTree = "<group>";
		};
		CDC45742C611E761171A8295 /* App */ = {
			isa = PBXGroup;
			children = (
				28CFD5C6054A871EE3623422 /* AppModel.swift */,
				34FC54FF4D4010D433D13FC7 /* CompanionModel.swift */,
				17922574AE2584BF5691FA67 /* FounderDashboardApp.swift */,
				CC6820C6F88F6A3E6BDF3BCF /* FounderDashboardCompanionApp.swift */,
				CA04E241679B828CCAE8A0D7 /* FounderDashboardCompanionRootView.swift */,
				6C42A2ECEF00DEC2AB180599 /* FounderDashboardRootView.swift */,
			);
			path = App;
			sourceTree = "<group>";
		};
		DE1516B296AB4B9DD0E253E0 /* Services */ = {
			isa = PBXGroup;
			children = (
				BF957E6D010012E81A98C984 /* DocumentOpening.swift */,
				129E411011210D7C40685C33 /* ImportedReportAnalyzer.swift */,
				DB319B31A00A6356466B166D /* ImportedReportStorage.swift */,
				9ADA9B378B9256F1A7B04DFA /* ImportedReportStore.swift */,
				3E274246EDF890D5A1E6D704 /* PlanningSnapshotLoader.swift */,
			);
			path = Services;
			sourceTree = "<group>";
		};
		F8A52847EACAFF55D7CD67E7 /* Models */ = {
			isa = PBXGroup;
			children = (
				B464898F314AB8666F526CC9 /* ImportFocus.swift */,
				199364DD38886ACC660AE530 /* PlanningModels.swift */,
			);
			path = Models;
			sourceTree = "<group>";
		};
		FEF57F2DC8DDE7F1D97E8B11 /* Dashboard */ = {
			isa = PBXGroup;
			children = (
				ADF2F67838247EA209097BF4 /* DashboardOverviewView.swift */,
			);
			path = Dashboard;
			sourceTree = "<group>";
		};
/* End PBXGroup section */

/* Begin PBXNativeTarget section */
		0CE1AF0588B104910BEE812C /* FounderDashboard */ = {
			isa = PBXNativeTarget;
			buildConfigurationList = 3DC4419EE921088CDC58165C /* Build configuration list for PBXNativeTarget "FounderDashboard" */;
			buildPhases = (
				80566FE5C194C5E8794991DD /* Sources */,
				05460AA4E19E9003482F349E /* Resources */,
			);
			buildRules = (
			);
			dependencies = (
			);
			name = FounderDashboard;
			packageProductDependencies = (
			);
			productName = FounderDashboard;
			productReference = 6DC8736A2A8E52A7C69713D6 /* FounderDashboard.app */;
			productType = "com.apple.product-type.application";
		};
		969827973DECD9FF3020FB13 /* FounderDashboardCompanion */ = {
			isa = PBXNativeTarget;
			buildConfigurationList = E67C1472B7D2559264241AB2 /* Build configuration list for PBXNativeTarget "FounderDashboardCompanion" */;
			buildPhases = (
				28EEE427E3A5180A694D55C3 /* Sources */,
				8D8069F1117B8435B48E41DA /* Resources */,
			);
			buildRules = (
			);
			dependencies = (
			);
			name = FounderDashboardCompanion;
			packageProductDependencies = (
			);
			productName = FounderDashboardCompanion;
			productReference = 37E7A876802CF21579BC5565 /* FounderDashboard Companion.app */;
			productType = "com.apple.product-type.application";
		};
/* End PBXNativeTarget section */

/* Begin PBXProject section */
		B9265335FF458E1CE714B2C1 /* Project object */ = {
			isa = PBXProject;
			attributes = {
				BuildIndependentTargetsInParallel = YES;
				LastUpgradeCheck = 2630;
				TargetAttributes = {
					0CE1AF0588B104910BEE812C = {
						DevelopmentTeam = "";
						ProvisioningStyle = Automatic;
					};
					969827973DECD9FF3020FB13 = {
						ProvisioningStyle = Automatic;
					};
				};
			};
			buildConfigurationList = 1013465E5426535517F2B5F9 /* Build configuration list for PBXProject "FounderDashboard" */;
			developmentRegion = en;
			hasScannedForEncodings = 0;
			knownRegions = (
				Base,
				en,
			);
			mainGroup = 87641C6445ACA71E7B21F6A4;
			minimizedProjectReferenceProxies = 1;
			preferredProjectObjectVersion = 77;
			productRefGroup = 1BAAFA69430106AA25696FEE /* Products */;
			projectDirPath = "";
			projectRoot = "";
			targets = (
				0CE1AF0588B104910BEE812C /* FounderDashboard */,
				969827973DECD9FF3020FB13 /* FounderDashboardCompanion */,
			);
		};
/* End PBXProject section */

/* Begin PBXResourcesBuildPhase section */
		05460AA4E19E9003482F349E /* Resources */ = {
			isa = PBXResourcesBuildPhase;
			buildActionMask = 2147483647;
			files = (
				B7CA5CCDB0EC40FD163C2E2C /* Assets.xcassets in Resources */,
				ED2DADDCC01496AFBE6428CB /* planning_snapshot.json in Resources */,
			);
			runOnlyForDeploymentPostprocessing = 0;
		};
		8D8069F1117B8435B48E41DA /* Resources */ = {
			isa = PBXResourcesBuildPhase;
			buildActionMask = 2147483647;
			files = (
				BA036F1D843A22BAD8A4D708 /* Assets.xcassets in Resources */,
				A890F9A10595D1789BD8AF97 /* planning_snapshot.json in Resources */,
			);
			runOnlyForDeploymentPostprocessing = 0;
		};
/* End PBXResourcesBuildPhase section */

/* Begin PBXSourcesBuildPhase section */
		28EEE427E3A5180A694D55C3 /* Sources */ = {
			isa = PBXSourcesBuildPhase;
			buildActionMask = 2147483647;
			files = (
				AA9CB1309F3708D2C46BD82F /* CompanionChecklistView.swift in Sources */,
				A0F790C497FB0E5DEEC33365 /* CompanionDashboardView.swift in Sources */,
				D8E3B15CA7B8D0CD15ECC2FD /* CompanionModel.swift in Sources */,
				0DD79B786CECFC3CED53F647 /* CompanionSitesView.swift in Sources */,
				C29E43AB039BFFA90B6751A6 /* FounderDashboardCompanionApp.swift in Sources */,
				A6BC25775AA67797EFD345DE /* FounderDashboardCompanionRootView.swift in Sources */,
				88EFC40D357141F5811B369E /* ImportFocus.swift in Sources */,
				FC365E918EB099E8AFE094A1 /* ImportedReportStorage.swift in Sources */,
				B2D21F1CEF60953B204484D6 /* MetricCard.swift in Sources */,
				BAA658FA0DC873112F786568 /* PlanningModels.swift in Sources */,
				75348C3CCDF7895230B18575 /* PlanningSnapshotLoader.swift in Sources */,
				99F5DA961E8CA95236FABCB4 /* SectionCard.swift in Sources */,
			);
			runOnlyForDeploymentPostprocessing = 0;
		};
		80566FE5C194C5E8794991DD /* Sources */ = {
			isa = PBXSourcesBuildPhase;
			buildActionMask = 2147483647;
			files = (
				278A69CAAC0FE32256B9DD58 /* AppModel.swift in Sources */,
				AA5C9AF3E2F08372410BAFDC /* CompanionChecklistView.swift in Sources */,
				6FA8D79D48B89A39C19864C5 /* CompanionDashboardView.swift in Sources */,
				A441EE865F4E18B2D8706DEC /* CompanionModel.swift in Sources */,
				002C91EB2D67DB6AA6138575 /* CompanionSitesView.swift in Sources */,
				C24B2CFCA1A8C7FEA90E08DC /* DashboardOverviewView.swift in Sources */,
				6BE71F8C3CAAAE51989004CD /* DataStatusCard.swift in Sources */,
				4EA605F64E1D2AF6E37B5C79 /* DeckedBuilderView.swift in Sources */,
				86F29E9A50806D590B042293 /* DocumentOpening.swift in Sources */,
				CF2402DEB96D6373955DF4D3 /* DocumentsView.swift in Sources */,
				98344310FECAD8C0936D6B7A /* FounderDashboardApp.swift in Sources */,
				B12A4D884B70DD4880E656D5 /* FounderDashboardCompanionApp.swift in Sources */,
				20F11A72D9D3BEFB2A1DCA25 /* FounderDashboardCompanionRootView.swift in Sources */,
				A7B3CD7284EC94E405DF475F /* FounderDashboardRootView.swift in Sources */,
				C30CDF0091913BEEDC31836E /* ImportFocus.swift in Sources */,
				4E5766CD2350D8A21AAF3CD5 /* ImportedReportAnalyzer.swift in Sources */,
				C41D96B43102282A69EA883E /* ImportedReportStorage.swift in Sources */,
				6A48A0E81EA29CD5C7961C0D /* ImportedReportStore.swift in Sources */,
				BD5A3B38BA5BDA91DA3DB0B1 /* ImportsView.swift in Sources */,
				A2C1A8A5D130A8D4ACCA67A9 /* LGSFundingView.swift in Sources */,
				E77A3FCCCF988C440742F001 /* MetricCard.swift in Sources */,
				F4BF124281C7C0C78C0C4EE1 /* PlanningModels.swift in Sources */,
				9A730808D9C1752C84324D2B /* PlanningSnapshotLoader.swift in Sources */,
				25C3B8A17D13D737D4E6D417 /* SectionCard.swift in Sources */,
				1E0FFEA1A9F6770D922F45E5 /* SourcesView.swift in Sources */,
			);
			runOnlyForDeploymentPostprocessing = 0;
		};
/* End PBXSourcesBuildPhase section */

/* Begin XCBuildConfiguration section */
		1BEDC583679A1697403CD564 /* Debug */ = {
			isa = XCBuildConfiguration;
			buildSettings = {
				ALWAYS_SEARCH_USER_PATHS = NO;
				ASSETCATALOG_COMPILER_APPICON_NAME = AppIcon;
				CLANG_ANALYZER_NONNULL = YES;
				CLANG_ANALYZER_NUMBER_OBJECT_CONVERSION = YES_AGGRESSIVE;
				CLANG_CXX_LANGUAGE_STANDARD = "gnu++14";
				CLANG_CXX_LIBRARY = "libc++";
				CLANG_ENABLE_MODULES = YES;
				CLANG_ENABLE_OBJC_ARC = YES;
				CLANG_ENABLE_OBJC_WEAK = YES;
				CLANG_WARN_BLOCK_CAPTURE_AUTORELEASING = YES;
				CLANG_WARN_BOOL_CONVERSION = YES;
				CLANG_WARN_COMMA = YES;
				CLANG_WARN_CONSTANT_CONVERSION = YES;
				CLANG_WARN_DEPRECATED_OBJC_IMPLEMENTATIONS = YES;
				CLANG_WARN_DIRECT_OBJC_ISA_USAGE = YES_ERROR;
				CLANG_WARN_DOCUMENTATION_COMMENTS = YES;
				CLANG_WARN_EMPTY_BODY = YES;
				CLANG_WARN_ENUM_CONVERSION = YES;
				CLANG_WARN_INFINITE_RECURSION = YES;
				CLANG_WARN_INT_CONVERSION = YES;
				CLANG_WARN_NON_LITERAL_NULL_CONVERSION = YES;
				CLANG_WARN_OBJC_IMPLICIT_RETAIN_SELF = YES;
				CLANG_WARN_OBJC_LITERAL_CONVERSION = YES;
				CLANG_WARN_OBJC_ROOT_CLASS = YES_ERROR;
				CLANG_WARN_QUOTED_INCLUDE_IN_FRAMEWORK_HEADER = YES;
				CLANG_WARN_RANGE_LOOP_ANALYSIS = YES;
				CLANG_WARN_STRICT_PROTOTYPES = YES;
				CLANG_WARN_SUSPICIOUS_MOVE = YES;
				CLANG_WARN_UNGUARDED_AVAILABILITY = YES_AGGRESSIVE;
				CLANG_WARN_UNREACHABLE_CODE = YES;
				CLANG_WARN__DUPLICATE_METHOD_MATCH = YES;
				COPY_PHASE_STRIP = NO;
				DEBUG_INFORMATION_FORMAT = dwarf;
				ENABLE_STRICT_OBJC_MSGSEND = YES;
				ENABLE_TESTABILITY = YES;
				GCC_C_LANGUAGE_STANDARD = gnu11;
				GCC_DYNAMIC_NO_PIC = NO;
				GCC_NO_COMMON_BLOCKS = YES;
				GCC_OPTIMIZATION_LEVEL = 0;
				GCC_PREPROCESSOR_DEFINITIONS = (
					"$(inherited)",
					"DEBUG=1",
				);
				GCC_WARN_64_TO_32_BIT_CONVERSION = YES;
				GCC_WARN_ABOUT_RETURN_TYPE = YES_ERROR;
				GCC_WARN_UNDECLARED_SELECTOR = YES;
				GCC_WARN_UNINITIALIZED_AUTOS = YES_AGGRESSIVE;
				GCC_WARN_UNUSED_FUNCTION = YES;
				GCC_WARN_UNUSED_VARIABLE = YES;
				GENERATE_APP_INTENTS_METADATA = NO;
				GENERATE_INFOPLIST_FILE = YES;
				INFOPLIST_KEY_CFBundleDisplayName = FounderDashboard;
				INFOPLIST_KEY_LSApplicationCategoryType = "public.app-category.business";
				IPHONEOS_DEPLOYMENT_TARGET = 26.0;
				MACOSX_DEPLOYMENT_TARGET = 26.0;
				MTL_ENABLE_DEBUG_INFO = INCLUDE_SOURCE;
				MTL_FAST_MATH = YES;
				ONLY_ACTIVE_ARCH = YES;
				PRODUCT_BUNDLE_IDENTIFIER = com.dennisgill.FounderDashboard;
				PRODUCT_NAME = FounderDashboard;
				SWIFT_ACTIVE_COMPILATION_CONDITIONS = DEBUG;
				SWIFT_OPTIMIZATION_LEVEL = "-Onone";
				SWIFT_VERSION = 6.0;
			};
			name = Debug;
		};
		43158F8A600539676D0482EE /* Release */ = {
			isa = XCBuildConfiguration;
			buildSettings = {
				ASSETCATALOG_COMPILER_APPICON_NAME = AppIcon;
				CODE_SIGN_IDENTITY = "iPhone Developer";
				CODE_SIGN_STYLE = Automatic;
				DEVELOPMENT_TEAM = W8TK8HMXT3;
				INFOPLIST_KEY_CFBundleDisplayName = "FounderDashboard Companion";
				INFOPLIST_KEY_NSHumanReadableCopyright = "Copyright 2026 Dennis Gill";
				INFOPLIST_KEY_UIApplicationSceneManifest_Generation = YES;
				INFOPLIST_KEY_UILaunchScreen_Generation = YES;
				LD_RUNPATH_SEARCH_PATHS = (
					"$(inherited)",
					"@executable_path/Frameworks",
				);
				PRODUCT_BUNDLE_IDENTIFIER = com.dennisgill.FounderDashboardCompanion;
				PRODUCT_NAME = "FounderDashboard Companion";
				SDKROOT = iphoneos;
				SUPPORTS_MACCATALYST = NO;
				TARGETED_DEVICE_FAMILY = 1;
			};
			name = Release;
		};
		9BC86FED63C8AA179F19DDF1 /* Release */ = {
			isa = XCBuildConfiguration;
			buildSettings = {
				ALWAYS_SEARCH_USER_PATHS = NO;
				ASSETCATALOG_COMPILER_APPICON_NAME = AppIcon;
				CLANG_ANALYZER_NONNULL = YES;
				CLANG_ANALYZER_NUMBER_OBJECT_CONVERSION = YES_AGGRESSIVE;
				CLANG_CXX_LANGUAGE_STANDARD = "gnu++14";
				CLANG_CXX_LIBRARY = "libc++";
				CLANG_ENABLE_MODULES = YES;
				CLANG_ENABLE_OBJC_ARC = YES;
				CLANG_ENABLE_OBJC_WEAK = YES;
				CLANG_WARN_BLOCK_CAPTURE_AUTORELEASING = YES;
				CLANG_WARN_BOOL_CONVERSION = YES;
				CLANG_WARN_COMMA = YES;
				CLANG_WARN_CONSTANT_CONVERSION = YES;
				CLANG_WARN_DEPRECATED_OBJC_IMPLEMENTATIONS = YES;
				CLANG_WARN_DIRECT_OBJC_ISA_USAGE = YES_ERROR;
				CLANG_WARN_DOCUMENTATION_COMMENTS = YES;
				CLANG_WARN_EMPTY_BODY = YES;
				CLANG_WARN_ENUM_CONVERSION = YES;
				CLANG_WARN_INFINITE_RECURSION = YES;
				CLANG_WARN_INT_CONVERSION = YES;
				CLANG_WARN_NON_LITERAL_NULL_CONVERSION = YES;
				CLANG_WARN_OBJC_IMPLICIT_RETAIN_SELF = YES;
				CLANG_WARN_OBJC_LITERAL_CONVERSION = YES;
				CLANG_WARN_OBJC_ROOT_CLASS = YES_ERROR;
				CLANG_WARN_QUOTED_INCLUDE_IN_FRAMEWORK_HEADER = YES;
				CLANG_WARN_RANGE_LOOP_ANALYSIS = YES;
				CLANG_WARN_STRICT_PROTOTYPES = YES;
				CLANG_WARN_SUSPICIOUS_MOVE = YES;
				CLANG_WARN_UNGUARDED_AVAILABILITY = YES_AGGRESSIVE;
				CLANG_WARN_UNREACHABLE_CODE = YES;
				CLANG_WARN__DUPLICATE_METHOD_MATCH = YES;
				COPY_PHASE_STRIP = NO;
				DEBUG_INFORMATION_FORMAT = "dwarf-with-dsym";
				ENABLE_NS_ASSERTIONS = NO;
				ENABLE_STRICT_OBJC_MSGSEND = YES;
				GCC_C_LANGUAGE_STANDARD = gnu11;
				GCC_NO_COMMON_BLOCKS = YES;
				GCC_WARN_64_TO_32_BIT_CONVERSION = YES;
				GCC_WARN_ABOUT_RETURN_TYPE = YES_ERROR;
				GCC_WARN_UNDECLARED_SELECTOR = YES;
				GCC_WARN_UNINITIALIZED_AUTOS = YES_AGGRESSIVE;
				GCC_WARN_UNUSED_FUNCTION = YES;
				GCC_WARN_UNUSED_VARIABLE = YES;
				GENERATE_APP_INTENTS_METADATA = NO;
				GENERATE_INFOPLIST_FILE = YES;
				INFOPLIST_KEY_CFBundleDisplayName = FounderDashboard;
				INFOPLIST_KEY_LSApplicationCategoryType = "public.app-category.business";
				IPHONEOS_DEPLOYMENT_TARGET = 26.0;
				MACOSX_DEPLOYMENT_TARGET = 26.0;
				MTL_ENABLE_DEBUG_INFO = NO;
				MTL_FAST_MATH = YES;
				PRODUCT_BUNDLE_IDENTIFIER = com.dennisgill.FounderDashboard;
				PRODUCT_NAME = FounderDashboard;
				SWIFT_COMPILATION_MODE = wholemodule;
				SWIFT_OPTIMIZATION_LEVEL = "-O";
				SWIFT_VERSION = 6.0;
			};
			name = Release;
		};
		CF8EAECD3BBF861075082E13 /* Release */ = {
			isa = XCBuildConfiguration;
			buildSettings = {
				ASSETCATALOG_COMPILER_APPICON_NAME = AppIcon;
				CODE_SIGN_STYLE = Automatic;
				COMBINE_HIDPI_IMAGES = YES;
				DEVELOPMENT_TEAM = "";
				INFOPLIST_KEY_NSHumanReadableCopyright = "Copyright 2026 Dennis Gill";
				LD_RUNPATH_SEARCH_PATHS = (
					"$(inherited)",
					"@executable_path/../Frameworks",
				);
				PRODUCT_BUNDLE_IDENTIFIER = com.dennisgill.FounderDashboard;
				SDKROOT = macosx;
			};
			name = Release;
		};
		D7323149005E988C63EE34C1 /* Debug */ = {
			isa = XCBuildConfiguration;
			buildSettings = {
				ASSETCATALOG_COMPILER_APPICON_NAME = AppIcon;
				CODE_SIGN_IDENTITY = "iPhone Developer";
				CODE_SIGN_STYLE = Automatic;
				DEVELOPMENT_TEAM = W8TK8HMXT3;
				INFOPLIST_KEY_CFBundleDisplayName = "FounderDashboard Companion";
				INFOPLIST_KEY_NSHumanReadableCopyright = "Copyright 2026 Dennis Gill";
				INFOPLIST_KEY_UIApplicationSceneManifest_Generation = YES;
				INFOPLIST_KEY_UILaunchScreen_Generation = YES;
				LD_RUNPATH_SEARCH_PATHS = (
					"$(inherited)",
					"@executable_path/Frameworks",
				);
				PRODUCT_BUNDLE_IDENTIFIER = com.dennisgill.FounderDashboardCompanion;
				PRODUCT_NAME = "FounderDashboard Companion";
				SDKROOT = iphoneos;
				SUPPORTS_MACCATALYST = NO;
				TARGETED_DEVICE_FAMILY = 1;
			};
			name = Debug;
		};
		F0D4AA5C7B1847603B9CD75D /* Debug */ = {
			isa = XCBuildConfiguration;
			buildSettings = {
				ASSETCATALOG_COMPILER_APPICON_NAME = AppIcon;
				CODE_SIGN_STYLE = Automatic;
				COMBINE_HIDPI_IMAGES = YES;
				DEVELOPMENT_TEAM = "";
				INFOPLIST_KEY_NSHumanReadableCopyright = "Copyright 2026 Dennis Gill";
				LD_RUNPATH_SEARCH_PATHS = (
					"$(inherited)",
					"@executable_path/../Frameworks",
				);
				PRODUCT_BUNDLE_IDENTIFIER = com.dennisgill.FounderDashboard;
				SDKROOT = macosx;
			};
			name = Debug;
		};
/* End XCBuildConfiguration section */

/* Begin XCConfigurationList section */
		1013465E5426535517F2B5F9 /* Build configuration list for PBXProject "FounderDashboard" */ = {
			isa = XCConfigurationList;
			buildConfigurations = (
				1BEDC583679A1697403CD564 /* Debug */,
				9BC86FED63C8AA179F19DDF1 /* Release */,
			);
			defaultConfigurationIsVisible = 0;
			defaultConfigurationName = Debug;
		};
		3DC4419EE921088CDC58165C /* Build configuration list for PBXNativeTarget "FounderDashboard" */ = {
			isa = XCConfigurationList;
			buildConfigurations = (
				F0D4AA5C7B1847603B9CD75D /* Debug */,
				CF8EAECD3BBF861075082E13 /* Release */,
			);
			defaultConfigurationIsVisible = 0;
			defaultConfigurationName = Debug;
		};
		E67C1472B7D2559264241AB2 /* Build configuration list for PBXNativeTarget "FounderDashboardCompanion" */ = {
			isa = XCConfigurationList;
			buildConfigurations = (
				D7323149005E988C63EE34C1 /* Debug */,
				43158F8A600539676D0482EE /* Release */,
			);
			defaultConfigurationIsVisible = 0;
			defaultConfigurationName = Debug;
		};
/* End XCConfigurationList section */
	};
	rootObject = B9265335FF458E1CE714B2C1 /* Project object */;
}
